
Microsoft Visual Studio Solution File, Format Version 12.00
# Visual Studio 2012
Project("{FAE04EC0-301F-11D3-BF4B-00C04F79EFBC}") = "IronJavaScript", "IronJavaScript\IronJavaScript.csproj", "{303C8B4E-A97C-43B9-8241-481277B147BC}"
EndProject
Project("{FAE04EC0-301F-11D3-BF4B-00C04F79EFBC}") = "IronJavaScript.UnitTest", "IronJavaScript.UnitTest\IronJavaScript.UnitTest.csproj", "{2A984451-2756-485C-A77E-38650AA0647B}"
EndProject
Global
	GlobalSection(SolutionConfigurationPlatforms) = preSolution
		Debug|Any CPU = Debug|Any CPU
		Release|Any CPU = Release|Any CPU
	EndGlobalSection
	GlobalSection(ProjectConfigurationPlatforms) = postSolution
		{303C8B4E-A97C-43B9-8241-481277B147BC}.Debug|Any CPU.ActiveCfg = Debug|Any CPU
		{303C8B4E-A97C-43B9-8241-481277B147BC}.Debug|Any CPU.Build.0 = Debug|Any CPU
		{303C8B4E-A97C-43B9-8241-481277B147BC}.Release|Any CPU.ActiveCfg = Release|Any CPU
		{303C8B4E-A97C-43B9-8241-481277B147BC}.Release|Any CPU.Build.0 = Release|Any CPU
		{2A984451-2756-485C-A77E-38650AA0647B}.Debug|Any CPU.ActiveCfg = Debug|Any CPU
		{2A984451-2756-485C-A77E-38650AA0647B}.Debug|Any CPU.Build.0 = Debug|Any CPU
		{2A984451-2756-485C-A77E-38650AA0647B}.Release|Any CPU.ActiveCfg = Release|Any CPU
		{2A984451-2756-485C-A77E-38650AA0647B}.Release|Any CPU.Build.0 = Release|Any CPU
	EndGlobalSection
	GlobalSection(SolutionProperties) = preSolution
		HideSolutionNode = FALSE
	EndGlobalSection
EndGlobal
